
Microsoft Visual Studio Solution File, Format Version 12.00
# Visual Studio Version 16
VisualStudioVersion = 16.0.29021.104
MinimumVisualStudioVersion = 10.0.40219.1
Project("{FAE04EC0-301F-11D3-BF4B-00C04F79EFBC}") = "PolovniAutomobiliZavrsniRad", "PolovniAutomobiliZavrsniRad.csproj", "{ED086637-0664-4BC6-856E-A63D9BEBD908}"
EndProject
Global
	GlobalSection(SolutionConfigurationPlatforms) = preSolution
		Debug|Any CPU = Debug|Any CPU
		Release|Any CPU = Release|Any CPU
	EndGlobalSection
	GlobalSection(ProjectConfigurationPlatforms) = postSolution
		{ED086637-0664-4BC6-856E-A63D9BEBD908}.Debug|Any CPU.ActiveCfg = Debug|Any CPU
		{ED086637-0664-4BC6-856E-A63D9BEBD908}.Debug|Any CPU.Build.0 = Debug|Any CPU
		{ED086637-0664-4BC6-856E-A63D9BEBD908}.Release|Any CPU.ActiveCfg = Release|Any CPU
		{ED086637-0664-4BC6-856E-A63D9BEBD908}.Release|Any CPU.Build.0 = Release|Any CPU
	EndGlobalSection
	GlobalSection(SolutionProperties) = preSolution
		HideSolutionNode = FALSE
	EndGlobalSection
	GlobalSection(ExtensibilityGlobals) = postSolution
		SolutionGuid = {CB468D27-DD57-423F-9CCF-08C094C6D755}
	EndGlobalSection
EndGlobal
